// !$*UTF8*$!
{
	archiveVersion = 1;
	classes = {
	};
	objectVersion = 50;
	objects = {

/* Begin PBXBuildFile section */
		CF93891C21F8F6DE00090DAF /* User.swift in Sources */ = {isa = PBXBuildFile; fileRef = CF93891B21F8F6DE00090DAF /* User.swift */; };
		CF93891E21F8FF7000090DAF /* Firebase+Ext.swift in Sources */ = {isa = PBXBuildFile; fileRef = CF93891D21F8FF7000090DAF /* Firebase+Ext.swift */; };
		CF93892121FA1AAE00090DAF /* UserSearchController.swift in Sources */ = {isa = PBXBuildFile; fileRef = CF93892021FA1AAE00090DAF /* UserSearchController.swift */; };
		CF93892321FA1E9400090DAF /* UserSearchCell.swift in Sources */ = {isa = PBXBuildFile; fileRef = CF93892221FA1E9400090DAF /* UserSearchCell.swift */; };
		CFEF5F9A21E8F38400D5B9E5 /* AppDelegate.swift in Sources */ = {isa = PBXBuildFile; fileRef = CFEF5F9921E8F38400D5B9E5 /* AppDelegate.swift */; };
		CFEF5F9C21E8F38400D5B9E5 /* SignUpController.swift in Sources */ = {isa = PBXBuildFile; fileRef = CFEF5F9B21E8F38400D5B9E5 /* SignUpController.swift */; };
		CFEF5F9F21E8F38400D5B9E5 /* Main.storyboard in Resources */ = {isa = PBXBuildFile; fileRef = CFEF5F9D21E8F38400D5B9E5 /* Main.storyboard */; };
		CFEF5FA221E8F38400D5B9E5 /* SharingMe.xcdatamodeld in Sources */ = {isa = PBXBuildFile; fileRef = CFEF5FA021E8F38400D5B9E5 /* SharingMe.xcdatamodeld */; };
		CFEF5FA421E8F38400D5B9E5 /* Assets.xcassets in Resources */ = {isa = PBXBuildFile; fileRef = CFEF5FA321E8F38400D5B9E5 /* Assets.xcassets */; };
		CFEF5FA721E8F38400D5B9E5 /* LaunchScreen.storyboard in Resources */ = {isa = PBXBuildFile; fileRef = CFEF5FA521E8F38400D5B9E5 /* LaunchScreen.storyboard */; };
		CFEF5FAF21E8F42D00D5B9E5 /* CustomConstraints.swift in Sources */ = {isa = PBXBuildFile; fileRef = CFEF5FAE21E8F42D00D5B9E5 /* CustomConstraints.swift */; };
		CFEF5FB121E8FB9F00D5B9E5 /* UIColor+Ext.swift in Sources */ = {isa = PBXBuildFile; fileRef = CFEF5FB021E8FB9F00D5B9E5 /* UIColor+Ext.swift */; };
		CFEF5FB321EA693600D5B9E5 /* GoogleService-Info.plist in Resources */ = {isa = PBXBuildFile; fileRef = CFEF5FB221EA693600D5B9E5 /* GoogleService-Info.plist */; };
		CFEF5FB521EA904600D5B9E5 /* MainTabBarController.swift in Sources */ = {isa = PBXBuildFile; fileRef = CFEF5FB421EA904600D5B9E5 /* MainTabBarController.swift */; };
		CFEF5FB721EA989600D5B9E5 /* UserProfileController.swift in Sources */ = {isa = PBXBuildFile; fileRef = CFEF5FB621EA989600D5B9E5 /* UserProfileController.swift */; };
		CFEF5FB921EA9BA700D5B9E5 /* UserProfileHeader.swift in Sources */ = {isa = PBXBuildFile; fileRef = CFEF5FB821EA9BA700D5B9E5 /* UserProfileHeader.swift */; };
		CFEF5FBB21EB8A0E00D5B9E5 /* LoginController.swift in Sources */ = {isa = PBXBuildFile; fileRef = CFEF5FBA21EB8A0E00D5B9E5 /* LoginController.swift */; };
		CFEF5FBD21ECBF3700D5B9E5 /* PhotoSelectorController.swift in Sources */ = {isa = PBXBuildFile; fileRef = CFEF5FBC21ECBF3700D5B9E5 /* PhotoSelectorController.swift */; };
		CFEF5FC321ECC53300D5B9E5 /* UINavigationController+Ext.swift in Sources */ = {isa = PBXBuildFile; fileRef = CFEF5FC221ECC53300D5B9E5 /* UINavigationController+Ext.swift */; };
		CFEF5FC521ECCF7600D5B9E5 /* PhotoSelectorHeader.swift in Sources */ = {isa = PBXBuildFile; fileRef = CFEF5FC421ECCF7600D5B9E5 /* PhotoSelectorHeader.swift */; };
		CFEF5FC721ECD06E00D5B9E5 /* PhotoSelectorCell.swift in Sources */ = {isa = PBXBuildFile; fileRef = CFEF5FC621ECD06E00D5B9E5 /* PhotoSelectorCell.swift */; };
		CFEF5FF421F328C300D5B9E5 /* SharePhotoController.swift in Sources */ = {isa = PBXBuildFile; fileRef = CFEF5FF321F328C300D5B9E5 /* SharePhotoController.swift */; };
		CFEF604A21F4CADD00D5B9E5 /* Post.swift in Sources */ = {isa = PBXBuildFile; fileRef = CFEF604921F4CADD00D5B9E5 /* Post.swift */; };
		CFEF604C21F4CD2100D5B9E5 /* UserProfilePhotoCell.swift in Sources */ = {isa = PBXBuildFile; fileRef = CFEF604B21F4CD2100D5B9E5 /* UserProfilePhotoCell.swift */; };
		CFEF604E21F5C1A500D5B9E5 /* CustomImageView.swift in Sources */ = {isa = PBXBuildFile; fileRef = CFEF604D21F5C1A500D5B9E5 /* CustomImageView.swift */; };
		CFEF605121F716F100D5B9E5 /* HomeController.swift in Sources */ = {isa = PBXBuildFile; fileRef = CFEF605021F716F100D5B9E5 /* HomeController.swift */; };
		CFEF605321F7187400D5B9E5 /* HomeCell.swift in Sources */ = {isa = PBXBuildFile; fileRef = CFEF605221F7187400D5B9E5 /* HomeCell.swift */; };
		EB7D2E07EDC4BD46837C1C95 /* Pods_SharingMe.framework in Frameworks */ = {isa = PBXBuildFile; fileRef = B2D3DAB156A23955C8836F28 /* Pods_SharingMe.framework */; };
/* End PBXBuildFile section */

/* Begin PBXFileReference section */
		1FD3D191E64FD5A1CFF66A6D /* Pods-SharingMe.release.xcconfig */ = {isa = PBXFileReference; includeInIndex = 1; lastKnownFileType = text.xcconfig; name = "Pods-SharingMe.release.xcconfig"; path = "Target Support Files/Pods-SharingMe/Pods-SharingMe.release.xcconfig"; sourceTree = "<group>"; };
		9F1E574DA306647077BA6AEF /* Pods-SharingMe.debug.xcconfig */ = {isa = PBXFileReference; includeInIndex = 1; lastKnownFileType = text.xcconfig; name = "Pods-SharingMe.debug.xcconfig"; path = "Target Support Files/Pods-SharingMe/Pods-SharingMe.debug.xcconfig"; sourceTree = "<group>"; };
		B2D3DAB156A23955C8836F28 /* Pods_SharingMe.framework */ = {isa = PBXFileReference; explicitFileType = wrapper.framework; includeInIndex = 0; path = Pods_SharingMe.framework; sourceTree = BUILT_PRODUCTS_DIR; };
		CF93891B21F8F6DE00090DAF /* User.swift */ = {isa = PBXFileReference; lastKnownFileType = sourcecode.swift; path = User.swift; sourceTree = "<group>"; };
		CF93891D21F8FF7000090DAF /* Firebase+Ext.swift */ = {isa = PBXFileReference; lastKnownFileType = sourcecode.swift; path = "Firebase+Ext.swift"; sourceTree = "<group>"; };
		CF93892021FA1AAE00090DAF /* UserSearchController.swift */ = {isa = PBXFileReference; lastKnownFileType = sourcecode.swift; path = UserSearchController.swift; sourceTree = "<group>"; };
		CF93892221FA1E9400090DAF /* UserSearchCell.swift */ = {isa = PBXFileReference; lastKnownFileType = sourcecode.swift; path = UserSearchCell.swift; sourceTree = "<group>"; };
		CFEF5F9621E8F38400D5B9E5 /* SharingMe.app */ = {isa = PBXFileReference; explicitFileType = wrapper.application; includeInIndex = 0; path = SharingMe.app; sourceTree = BUILT_PRODUCTS_DIR; };
		CFEF5F9921E8F38400D5B9E5 /* AppDelegate.swift */ = {isa = PBXFileReference; lastKnownFileType = sourcecode.swift; path = AppDelegate.swift; sourceTree = "<group>"; };
		CFEF5F9B21E8F38400D5B9E5 /* SignUpController.swift */ = {isa = PBXFileReference; lastKnownFileType = sourcecode.swift; path = SignUpController.swift; sourceTree = "<group>"; };
		CFEF5F9E21E8F38400D5B9E5 /* Base */ = {isa = PBXFileReference; lastKnownFileType = file.storyboard; name = Base; path = Base.lproj/Main.storyboard; sourceTree = "<group>"; };
		CFEF5FA121E8F38400D5B9E5 /* SharingMe.xcdatamodel */ = {isa = PBXFileReference; lastKnownFileType = wrapper.xcdatamodel; path = SharingMe.xcdatamodel; sourceTree = "<group>"; };
		CFEF5FA321E8F38400D5B9E5 /* Assets.xcassets */ = {isa = PBXFileReference; lastKnownFileType = folder.assetcatalog; path = Assets.xcassets; sourceTree = "<group>"; };
		CFEF5FA621E8F38400D5B9E5 /* Base */ = {isa = PBXFileReference; lastKnownFileType = file.storyboard; name = Base; path = Base.lproj/LaunchScreen.storyboard; sourceTree = "<group>"; };
		CFEF5FA821E8F38400D5B9E5 /* Info.plist */ = {isa = PBXFileReference; lastKnownFileType = text.plist.xml; path = Info.plist; sourceTree = "<group>"; };
		CFEF5FAE21E8F42D00D5B9E5 /* CustomConstraints.swift */ = {isa = PBXFileReference; fileEncoding = 4; lastKnownFileType = sourcecode.swift; path = CustomConstraints.swift; sourceTree = "<group>"; };
		CFEF5FB021E8FB9F00D5B9E5 /* UIColor+Ext.swift */ = {isa = PBXFileReference; lastKnownFileType = sourcecode.swift; path = "UIColor+Ext.swift"; sourceTree = "<group>"; };
		CFEF5FB221EA693600D5B9E5 /* GoogleService-Info.plist */ = {isa = PBXFileReference; fileEncoding = 4; lastKnownFileType = text.plist.xml; path = "GoogleService-Info.plist"; sourceTree = SOURCE_ROOT; };
		CFEF5FB421EA904600D5B9E5 /* MainTabBarController.swift */ = {isa = PBXFileReference; lastKnownFileType = sourcecode.swift; path = MainTabBarController.swift; sourceTree = "<group>"; };
		CFEF5FB621EA989600D5B9E5 /* UserProfileController.swift */ = {isa = PBXFileReference; lastKnownFileType = sourcecode.swift; path = UserProfileController.swift; sourceTree = "<group>"; };
		CFEF5FB821EA9BA700D5B9E5 /* UserProfileHeader.swift */ = {isa = PBXFileReference; lastKnownFileType = sourcecode.swift; path = UserProfileHeader.swift; sourceTree = "<group>"; };
		CFEF5FBA21EB8A0E00D5B9E5 /* LoginController.swift */ = {isa = PBXFileReference; lastKnownFileType = sourcecode.swift; path = LoginController.swift; sourceTree = "<group>"; };
		CFEF5FBC21ECBF3700D5B9E5 /* PhotoSelectorController.swift */ = {isa = PBXFileReference; lastKnownFileType = sourcecode.swift; path = PhotoSelectorController.swift; sourceTree = "<group>"; };
		CFEF5FC221ECC53300D5B9E5 /* UINavigationController+Ext.swift */ = {isa = PBXFileReference; lastKnownFileType = sourcecode.swift; path = "UINavigationController+Ext.swift"; sourceTree = "<group>"; };
		CFEF5FC421ECCF7600D5B9E5 /* PhotoSelectorHeader.swift */ = {isa = PBXFileReference; lastKnownFileType = sourcecode.swift; path = PhotoSelectorHeader.swift; sourceTree = "<group>"; };
		CFEF5FC621ECD06E00D5B9E5 /* PhotoSelectorCell.swift */ = {isa = PBXFileReference; lastKnownFileType = sourcecode.swift; path = PhotoSelectorCell.swift; sourceTree = "<group>"; };
		CFEF5FF321F328C300D5B9E5 /* SharePhotoController.swift */ = {isa = PBXFileReference; lastKnownFileType = sourcecode.swift; path = SharePhotoController.swift; sourceTree = "<group>"; };
		CFEF604921F4CADD00D5B9E5 /* Post.swift */ = {isa = PBXFileReference; lastKnownFileType = sourcecode.swift; path = Post.swift; sourceTree = "<group>"; };
		CFEF604B21F4CD2100D5B9E5 /* UserProfilePhotoCell.swift */ = {isa = PBXFileReference; lastKnownFileType = sourcecode.swift; path = UserProfilePhotoCell.swift; sourceTree = "<group>"; };
		CFEF604D21F5C1A500D5B9E5 /* CustomImageView.swift */ = {isa = PBXFileReference; lastKnownFileType = sourcecode.swift; path = CustomImageView.swift; sourceTree = "<group>"; };
		CFEF605021F716F100D5B9E5 /* HomeController.swift */ = {isa = PBXFileReference; lastKnownFileType = sourcecode.swift; path = HomeController.swift; sourceTree = "<group>"; };
		CFEF605221F7187400D5B9E5 /* HomeCell.swift */ = {isa = PBXFileReference; lastKnownFileType = sourcecode.swift; path = HomeCell.swift; sourceTree = "<group>"; };
/* End PBXFileReference section */

/* Begin PBXFrameworksBuildPhase section */
		CFEF5F9321E8F38400D5B9E5 /* Frameworks */ = {
			isa = PBXFrameworksBuildPhase;
			buildActionMask = 2147483647;
			files = (
				EB7D2E07EDC4BD46837C1C95 /* Pods_SharingMe.framework in Frameworks */,
			);
			runOnlyForDeploymentPostprocessing = 0;
		};
/* End PBXFrameworksBuildPhase section */

/* Begin PBXGroup section */
		960C0ECEB458F04AC7FF7485 /* Frameworks */ = {
			isa = PBXGroup;
			children = (
				B2D3DAB156A23955C8836F28 /* Pods_SharingMe.framework */,
			);
			name = Frameworks;
			sourceTree = "<group>";
		};
		CF93891F21FA1A9100090DAF /* Search */ = {
			isa = PBXGroup;
			children = (
				CF93892021FA1AAE00090DAF /* UserSearchController.swift */,
				CF93892221FA1E9400090DAF /* UserSearchCell.swift */,
			);
			path = Search;
			sourceTree = "<group>";
		};
		CFEF5F8D21E8F38400D5B9E5 = {
			isa = PBXGroup;
			children = (
				CFEF5F9821E8F38400D5B9E5 /* SharingMe */,
				CFEF5F9721E8F38400D5B9E5 /* Products */,
				E762508ED946D7FBA13234C1 /* Pods */,
				960C0ECEB458F04AC7FF7485 /* Frameworks */,
			);
			sourceTree = "<group>";
		};
		CFEF5F9721E8F38400D5B9E5 /* Products */ = {
			isa = PBXGroup;
			children = (
				CFEF5F9621E8F38400D5B9E5 /* SharingMe.app */,
			);
			name = Products;
			sourceTree = "<group>";
		};
		CFEF5F9821E8F38400D5B9E5 /* SharingMe */ = {
			isa = PBXGroup;
			children = (
				CFEF604821F4CAD000D5B9E5 /* Model */,
				CFEF5FBF21ECC11800D5B9E5 /* Utils */,
				CF93891F21FA1A9100090DAF /* Search */,
				CFEF604F21F716CD00D5B9E5 /* HomeFeed */,
				CFEF5FC121ECC14E00D5B9E5 /* UserProfile */,
				CFEF5FC021ECC12B00D5B9E5 /* AccountSignUp&Logout */,
				CFEF5FBE21ECC0FB00D5B9E5 /* PhotoSelector */,
				CFEF5FB421EA904600D5B9E5 /* MainTabBarController.swift */,
				CFEF5F9921E8F38400D5B9E5 /* AppDelegate.swift */,
				CFEF5F9D21E8F38400D5B9E5 /* Main.storyboard */,
				CFEF5FA321E8F38400D5B9E5 /* Assets.xcassets */,
				CFEF5FA521E8F38400D5B9E5 /* LaunchScreen.storyboard */,
				CFEF5FB221EA693600D5B9E5 /* GoogleService-Info.plist */,
				CFEF5FA821E8F38400D5B9E5 /* Info.plist */,
				CFEF5FA021E8F38400D5B9E5 /* SharingMe.xcdatamodeld */,
			);
			path = SharingMe;
			sourceTree = "<group>";
		};
		CFEF5FBE21ECC0FB00D5B9E5 /* PhotoSelector */ = {
			isa = PBXGroup;
			children = (
				CFEF5FBC21ECBF3700D5B9E5 /* PhotoSelectorController.swift */,
				CFEF5FC421ECCF7600D5B9E5 /* PhotoSelectorHeader.swift */,
				CFEF5FC621ECD06E00D5B9E5 /* PhotoSelectorCell.swift */,
				CFEF5FF321F328C300D5B9E5 /* SharePhotoController.swift */,
			);
			path = PhotoSelector;
			sourceTree = "<group>";
		};
		CFEF5FBF21ECC11800D5B9E5 /* Utils */ = {
			isa = PBXGroup;
			children = (
				CFEF5FAE21E8F42D00D5B9E5 /* CustomConstraints.swift */,
				CFEF5FB021E8FB9F00D5B9E5 /* UIColor+Ext.swift */,
				CFEF5FC221ECC53300D5B9E5 /* UINavigationController+Ext.swift */,
				CFEF604D21F5C1A500D5B9E5 /* CustomImageView.swift */,
				CF93891D21F8FF7000090DAF /* Firebase+Ext.swift */,
			);
			path = Utils;
			sourceTree = "<group>";
		};
		CFEF5FC021ECC12B00D5B9E5 /* AccountSignUp&Logout */ = {
			isa = PBXGroup;
			children = (
				CFEF5FBA21EB8A0E00D5B9E5 /* LoginController.swift */,
				CFEF5F9B21E8F38400D5B9E5 /* SignUpController.swift */,
			);
			path = "AccountSignUp&Logout";
			sourceTree = "<group>";
		};
		CFEF5FC121ECC14E00D5B9E5 /* UserProfile */ = {
			isa = PBXGroup;
			children = (
				CFEF5FB821EA9BA700D5B9E5 /* UserProfileHeader.swift */,
				CFEF5FB621EA989600D5B9E5 /* UserProfileController.swift */,
				CFEF604B21F4CD2100D5B9E5 /* UserProfilePhotoCell.swift */,
			);
			path = UserProfile;
			sourceTree = "<group>";
		};
		CFEF604821F4CAD000D5B9E5 /* Model */ = {
			isa = PBXGroup;
			children = (
				CFEF604921F4CADD00D5B9E5 /* Post.swift */,
				CF93891B21F8F6DE00090DAF /* User.swift */,
			);
			path = Model;
			sourceTree = "<group>";
		};
		CFEF604F21F716CD00D5B9E5 /* HomeFeed */ = {
			isa = PBXGroup;
			children = (
				CFEF605021F716F100D5B9E5 /* HomeController.swift */,
				CFEF605221F7187400D5B9E5 /* HomeCell.swift */,
			);
			path = HomeFeed;
			sourceTree = "<group>";
		};
		E762508ED946D7FBA13234C1 /* Pods */ = {
			isa = PBXGroup;
			children = (
				9F1E574DA306647077BA6AEF /* Pods-SharingMe.debug.xcconfig */,
				1FD3D191E64FD5A1CFF66A6D /* Pods-SharingMe.release.xcconfig */,
			);
			path = Pods;
			sourceTree = "<group>";
		};
/* End PBXGroup section */

/* Begin PBXNativeTarget section */
		CFEF5F9521E8F38400D5B9E5 /* SharingMe */ = {
			isa = PBXNativeTarget;
			buildConfigurationList = CFEF5FAB21E8F38400D5B9E5 /* Build configuration list for PBXNativeTarget "SharingMe" */;
			buildPhases = (
				617697D362D2E43AA9455E38 /* [CP] Check Pods Manifest.lock */,
				CFEF5F9221E8F38400D5B9E5 /* Sources */,
				CFEF5F9321E8F38400D5B9E5 /* Frameworks */,
				CFEF5F9421E8F38400D5B9E5 /* Resources */,
				643CE8E92281CF1E71854450 /* [CP] Embed Pods Frameworks */,
			);
			buildRules = (
			);
			dependencies = (
			);
			name = SharingMe;
			productName = SharingMe;
			productReference = CFEF5F9621E8F38400D5B9E5 /* SharingMe.app */;
			productType = "com.apple.product-type.application";
		};
/* End PBXNativeTarget section */

/* Begin PBXProject section */
		CFEF5F8E21E8F38400D5B9E5 /* Project object */ = {
			isa = PBXProject;
			attributes = {
				LastSwiftUpdateCheck = 1010;
				LastUpgradeCheck = 1010;
				ORGANIZATIONNAME = "Hsuen-Ju Li";
				TargetAttributes = {
					CFEF5F9521E8F38400D5B9E5 = {
						CreatedOnToolsVersion = 10.1;
					};
				};
			};
			buildConfigurationList = CFEF5F9121E8F38400D5B9E5 /* Build configuration list for PBXProject "SharingMe" */;
			compatibilityVersion = "Xcode 9.3";
			developmentRegion = en;
			hasScannedForEncodings = 0;
			knownRegions = (
				en,
				Base,
			);
			mainGroup = CFEF5F8D21E8F38400D5B9E5;
			productRefGroup = CFEF5F9721E8F38400D5B9E5 /* Products */;
			projectDirPath = "";
			projectRoot = "";
			targets = (
				CFEF5F9521E8F38400D5B9E5 /* SharingMe */,
			);
		};
/* End PBXProject section */

/* Begin PBXResourcesBuildPhase section */
		CFEF5F9421E8F38400D5B9E5 /* Resources */ = {
			isa = PBXResourcesBuildPhase;
			buildActionMask = 2147483647;
			files = (
				CFEF5FA721E8F38400D5B9E5 /* LaunchScreen.storyboard in Resources */,
				CFEF5FB321EA693600D5B9E5 /* GoogleService-Info.plist in Resources */,
				CFEF5FA421E8F38400D5B9E5 /* Assets.xcassets in Resources */,
				CFEF5F9F21E8F38400D5B9E5 /* Main.storyboard in Resources */,
			);
			runOnlyForDeploymentPostprocessing = 0;
		};
/* End PBXResourcesBuildPhase section */

/* Begin PBXShellScriptBuildPhase section */
		617697D362D2E43AA9455E38 /* [CP] Check Pods Manifest.lock */ = {
			isa = PBXShellScriptBuildPhase;
			buildActionMask = 2147483647;
			files = (
			);
			inputFileListPaths = (
			);
			inputPaths = (
				"${PODS_PODFILE_DIR_PATH}/Podfile.lock",
				"${PODS_ROOT}/Manifest.lock",
			);
			name = "[CP] Check Pods Manifest.lock";
			outputFileListPaths = (
			);
			outputPaths = (
				"$(DERIVED_FILE_DIR)/Pods-SharingMe-checkManifestLockResult.txt",
			);
			runOnlyForDeploymentPostprocessing = 0;
			shellPath = /bin/sh;
			shellScript = "diff \"${PODS_PODFILE_DIR_PATH}/Podfile.lock\" \"${PODS_ROOT}/Manifest.lock\" > /dev/null\nif [ $? != 0 ] ; then\n    # print error to STDERR\n    echo \"error: The sandbox is not in sync with the Podfile.lock. Run 'pod install' or update your CocoaPods installation.\" >&2\n    exit 1\nfi\n# This output is used by Xcode 'outputs' to avoid re-running this script phase.\necho \"SUCCESS\" > \"${SCRIPT_OUTPUT_FILE_0}\"\n";
			showEnvVarsInLog = 0;
		};
		643CE8E92281CF1E71854450 /* [CP] Embed Pods Frameworks */ = {
			isa = PBXShellScriptBuildPhase;
			buildActionMask = 2147483647;
			files = (
			);
			inputFileListPaths = (
			);
			inputPaths = (
				"${PODS_ROOT}/Target Support Files/Pods-SharingMe/Pods-SharingMe-frameworks.sh",
				"${BUILT_PRODUCTS_DIR}/GTMSessionFetcher/GTMSessionFetcher.framework",
				"${BUILT_PRODUCTS_DIR}/GoogleUtilities/GoogleUtilities.framework",
				"${BUILT_PRODUCTS_DIR}/leveldb-library/leveldb.framework",
				"${BUILT_PRODUCTS_DIR}/nanopb/nanopb.framework",
			);
			name = "[CP] Embed Pods Frameworks";
			outputFileListPaths = (
			);
			outputPaths = (
				"${TARGET_BUILD_DIR}/${FRAMEWORKS_FOLDER_PATH}/GTMSessionFetcher.framework",
				"${TARGET_BUILD_DIR}/${FRAMEWORKS_FOLDER_PATH}/GoogleUtilities.framework",
				"${TARGET_BUILD_DIR}/${FRAMEWORKS_FOLDER_PATH}/leveldb.framework",
				"${TARGET_BUILD_DIR}/${FRAMEWORKS_FOLDER_PATH}/nanopb.framework",
			);
			runOnlyForDeploymentPostprocessing = 0;
			shellPath = /bin/sh;
			shellScript = "\"${PODS_ROOT}/Target Support Files/Pods-SharingMe/Pods-SharingMe-frameworks.sh\"\n";
			showEnvVarsInLog = 0;
		};
/* End PBXShellScriptBuildPhase section */

/* Begin PBXSourcesBuildPhase section */
		CFEF5F9221E8F38400D5B9E5 /* Sources */ = {
			isa = PBXSourcesBuildPhase;
			buildActionMask = 2147483647;
			files = (
				CFEF5FC521ECCF7600D5B9E5 /* PhotoSelectorHeader.swift in Sources */,
				CFEF5FC321ECC53300D5B9E5 /* UINavigationController+Ext.swift in Sources */,
				CFEF605321F7187400D5B9E5 /* HomeCell.swift in Sources */,
				CFEF5F9C21E8F38400D5B9E5 /* SignUpController.swift in Sources */,
				CFEF5FAF21E8F42D00D5B9E5 /* CustomConstraints.swift in Sources */,
				CFEF5FF421F328C300D5B9E5 /* SharePhotoController.swift in Sources */,
				CFEF5FB521EA904600D5B9E5 /* MainTabBarController.swift in Sources */,
				CFEF5FBB21EB8A0E00D5B9E5 /* LoginController.swift in Sources */,
				CF93891C21F8F6DE00090DAF /* User.swift in Sources */,
				CFEF5FB121E8FB9F00D5B9E5 /* UIColor+Ext.swift in Sources */,
				CF93892321FA1E9400090DAF /* UserSearchCell.swift in Sources */,
				CFEF5FB721EA989600D5B9E5 /* UserProfileController.swift in Sources */,
				CFEF604A21F4CADD00D5B9E5 /* Post.swift in Sources */,
				CFEF5F9A21E8F38400D5B9E5 /* AppDelegate.swift in Sources */,
				CFEF5FC721ECD06E00D5B9E5 /* PhotoSelectorCell.swift in Sources */,
				CFEF5FA221E8F38400D5B9E5 /* SharingMe.xcdatamodeld in Sources */,
				CFEF5FB921EA9BA700D5B9E5 /* UserProfileHeader.swift in Sources */,
				CFEF605121F716F100D5B9E5 /* HomeController.swift in Sources */,
				CFEF5FBD21ECBF3700D5B9E5 /* PhotoSelectorController.swift in Sources */,
				CF93891E21F8FF7000090DAF /* Firebase+Ext.swift in Sources */,
				CF93892121FA1AAE00090DAF /* UserSearchController.swift in Sources */,
				CFEF604E21F5C1A500D5B9E5 /* CustomImageView.swift in Sources */,
				CFEF604C21F4CD2100D5B9E5 /* UserProfilePhotoCell.swift in Sources */,
			);
			runOnlyForDeploymentPostprocessing = 0;
		};
/* End PBXSourcesBuildPhase section */

/* Begin PBXVariantGroup section */
		CFEF5F9D21E8F38400D5B9E5 /* Main.storyboard */ = {
			isa = PBXVariantGroup;
			children = (
				CFEF5F9E21E8F38400D5B9E5 /* Base */,
			);
			name = Main.storyboard;
			sourceTree = "<group>";
		};
		CFEF5FA521E8F38400D5B9E5 /* LaunchScreen.storyboard */ = {
			isa = PBXVariantGroup;
			children = (
				CFEF5FA621E8F38400D5B9E5 /* Base */,
			);
			name = LaunchScreen.storyboard;
			sourceTree = "<group>";
		};
/* End PBXVariantGroup section */

/* Begin XCBuildConfiguration section */
		CFEF5FA921E8F38400D5B9E5 /* Debug */ = {
			isa = XCBuildConfiguration;
			buildSettings = {
				ALWAYS_SEARCH_USER_PATHS = NO;
				CLANG_ANALYZER_NONNULL = YES;
				CLANG_ANALYZER_NUMBER_OBJECT_CONVERSION = YES_AGGRESSIVE;
				CLANG_CXX_LANGUAGE_STANDARD = "gnu++14";
				CLANG_CXX_LIBRARY = "libc++";
				CLANG_ENABLE_MODULES = YES;
				CLANG_ENABLE_OBJC_ARC = YES;
				CLANG_ENABLE_OBJC_WEAK = YES;
				CLANG_WARN_BLOCK_CAPTURE_AUTORELEASING = YES;
				CLANG_WARN_BOOL_CONVERSION = YES;
				CLANG_WARN_COMMA = YES;
				CLANG_WARN_CONSTANT_CONVERSION = YES;
				CLANG_WARN_DEPRECATED_OBJC_IMPLEMENTATIONS = YES;
				CLANG_WARN_DIRECT_OBJC_ISA_USAGE = YES_ERROR;
				CLANG_WARN_DOCUMENTATION_COMMENTS = YES;
				CLANG_WARN_EMPTY_BODY = YES;
				CLANG_WARN_ENUM_CONVERSION = YES;
				CLANG_WARN_INFINITE_RECURSION = YES;
				CLANG_WARN_INT_CONVERSION = YES;
				CLANG_WARN_NON_LITERAL_NULL_CONVERSION = YES;
				CLANG_WARN_OBJC_IMPLICIT_RETAIN_SELF = YES;
				CLANG_WARN_OBJC_LITERAL_CONVERSION = YES;
				CLANG_WARN_OBJC_ROOT_CLASS = YES_ERROR;
				CLANG_WARN_RANGE_LOOP_ANALYSIS = YES;
				CLANG_WARN_STRICT_PROTOTYPES = YES;
				CLANG_WARN_SUSPICIOUS_MOVE = YES;
				CLANG_WARN_UNGUARDED_AVAILABILITY = YES_AGGRESSIVE;
				CLANG_WARN_UNREACHABLE_CODE = YES;
				CLANG_WARN__DUPLICATE_METHOD_MATCH = YES;
				CODE_SIGN_IDENTITY = "iPhone Developer";
				COPY_PHASE_STRIP = NO;
				DEBUG_INFORMATION_FORMAT = dwarf;
				ENABLE_STRICT_OBJC_MSGSEND = YES;
				ENABLE_TESTABILITY = YES;
				GCC_C_LANGUAGE_STANDARD = gnu11;
				GCC_DYNAMIC_NO_PIC = NO;
				GCC_NO_COMMON_BLOCKS = YES;
				GCC_OPTIMIZATION_LEVEL = 0;
				GCC_PREPROCESSOR_DEFINITIONS = (
					"DEBUG=1",
					"$(inherited)",
				);
				GCC_WARN_64_TO_32_BIT_CONVERSION = YES;
				GCC_WARN_ABOUT_RETURN_TYPE = YES_ERROR;
				GCC_WARN_UNDECLARED_SELECTOR = YES;
				GCC_WARN_UNINITIALIZED_AUTOS = YES_AGGRESSIVE;
				GCC_WARN_UNUSED_FUNCTION = YES;
				GCC_WARN_UNUSED_VARIABLE = YES;
				IPHONEOS_DEPLOYMENT_TARGET = 12.1;
				MTL_ENABLE_DEBUG_INFO = INCLUDE_SOURCE;
				MTL_FAST_MATH = YES;
				ONLY_ACTIVE_ARCH = YES;
				SDKROOT = iphoneos;
				SWIFT_ACTIVE_COMPILATION_CONDITIONS = DEBUG;
				SWIFT_OPTIMIZATION_LEVEL = "-Onone";
			};
			name = Debug;
		};
		CFEF5FAA21E8F38400D5B9E5 /* Release */ = {
			isa = XCBuildConfiguration;
			buildSettings = {
				ALWAYS_SEARCH_USER_PATHS = NO;
				CLANG_ANALYZER_NONNULL = YES;
				CLANG_ANALYZER_NUMBER_OBJECT_CONVERSION = YES_AGGRESSIVE;
				CLANG_CXX_LANGUAGE_STANDARD = "gnu++14";
				CLANG_CXX_LIBRARY = "libc++";
				CLANG_ENABLE_MODULES = YES;
				CLANG_ENABLE_OBJC_ARC = YES;
				CLANG_ENABLE_OBJC_WEAK = YES;
				CLANG_WARN_BLOCK_CAPTURE_AUTORELEASING = YES;
				CLANG_WARN_BOOL_CONVERSION = YES;
				CLANG_WARN_COMMA = YES;
				CLANG_WARN_CONSTANT_CONVERSION = YES;
				CLANG_WARN_DEPRECATED_OBJC_IMPLEMENTATIONS = YES;
				CLANG_WARN_DIRECT_OBJC_ISA_USAGE = YES_ERROR;
				CLANG_WARN_DOCUMENTATION_COMMENTS = YES;
				CLANG_WARN_EMPTY_BODY = YES;
				CLANG_WARN_ENUM_CONVERSION = YES;
				CLANG_WARN_INFINITE_RECURSION = YES;
				CLANG_WARN_INT_CONVERSION = YES;
				CLANG_WARN_NON_LITERAL_NULL_CONVERSION = YES;
				CLANG_WARN_OBJC_IMPLICIT_RETAIN_SELF = YES;
				CLANG_WARN_OBJC_LITERAL_CONVERSION = YES;
				CLANG_WARN_OBJC_ROOT_CLASS = YES_ERROR;
				CLANG_WARN_RANGE_LOOP_ANALYSIS = YES;
				CLANG_WARN_STRICT_PROTOTYPES = YES;
				CLANG_WARN_SUSPICIOUS_MOVE = YES;
				CLANG_WARN_UNGUARDED_AVAILABILITY = YES_AGGRESSIVE;
				CLANG_WARN_UNREACHABLE_CODE = YES;
				CLANG_WARN__DUPLICATE_METHOD_MATCH = YES;
				CODE_SIGN_IDENTITY = "iPhone Developer";
				COPY_PHASE_STRIP = NO;
				DEBUG_INFORMATION_FORMAT = "dwarf-with-dsym";
				ENABLE_NS_ASSERTIONS = NO;
				ENABLE_STRICT_OBJC_MSGSEND = YES;
				GCC_C_LANGUAGE_STANDARD = gnu11;
				GCC_NO_COMMON_BLOCKS = YES;
				GCC_WARN_64_TO_32_BIT_CONVERSION = YES;
				GCC_WARN_ABOUT_RETURN_TYPE = YES_ERROR;
				GCC_WARN_UNDECLARED_SELECTOR = YES;
				GCC_WARN_UNINITIALIZED_AUTOS = YES_AGGRESSIVE;
				GCC_WARN_UNUSED_FUNCTION = YES;
				GCC_WARN_UNUSED_VARIABLE = YES;
				IPHONEOS_DEPLOYMENT_TARGET = 12.1;
				MTL_ENABLE_DEBUG_INFO = NO;
				MTL_FAST_MATH = YES;
				SDKROOT = iphoneos;
				SWIFT_COMPILATION_MODE = wholemodule;
				SWIFT_OPTIMIZATION_LEVEL = "-O";
				VALIDATE_PRODUCT = YES;
			};
			name = Release;
		};
		CFEF5FAC21E8F38400D5B9E5 /* Debug */ = {
			isa = XCBuildConfiguration;
			baseConfigurationReference = 9F1E574DA306647077BA6AEF /* Pods-SharingMe.debug.xcconfig */;
			buildSettings = {
				ASSETCATALOG_COMPILER_APPICON_NAME = AppIcon;
				CODE_SIGN_STYLE = Automatic;
				DEVELOPMENT_TEAM = SUZY35U5GK;
				INFOPLIST_FILE = SharingMe/Info.plist;
				LD_RUNPATH_SEARCH_PATHS = (
					"$(inherited)",
					"@executable_path/Frameworks",
				);
				PRODUCT_BUNDLE_IDENTIFIER = com.HsuenJuLi.SharingMe;
				PRODUCT_NAME = "$(TARGET_NAME)";
				SWIFT_VERSION = 4.2;
				TARGETED_DEVICE_FAMILY = "1,2";
			};
			name = Debug;
		};
		CFEF5FAD21E8F38400D5B9E5 /* Release */ = {
			isa = XCBuildConfiguration;
			baseConfigurationReference = 1FD3D191E64FD5A1CFF66A6D /* Pods-SharingMe.release.xcconfig */;
			buildSettings = {
				ASSETCATALOG_COMPILER_APPICON_NAME = AppIcon;
				CODE_SIGN_STYLE = Automatic;
				DEVELOPMENT_TEAM = SUZY35U5GK;
				INFOPLIST_FILE = SharingMe/Info.plist;
				LD_RUNPATH_SEARCH_PATHS = (
					"$(inherited)",
					"@executable_path/Frameworks",
				);
				PRODUCT_BUNDLE_IDENTIFIER = com.HsuenJuLi.SharingMe;
				PRODUCT_NAME = "$(TARGET_NAME)";
				SWIFT_VERSION = 4.2;
				TARGETED_DEVICE_FAMILY = "1,2";
			};
			name = Release;
		};
/* End XCBuildConfiguration section */

/* Begin XCConfigurationList section */
		CFEF5F9121E8F38400D5B9E5 /* Build configuration list for PBXProject "SharingMe" */ = {
			isa = XCConfigurationList;
			buildConfigurations = (
				CFEF5FA921E8F38400D5B9E5 /* Debug */,
				CFEF5FAA21E8F38400D5B9E5 /* Release */,
			);
			defaultConfigurationIsVisible = 0;
			defaultConfigurationName = Release;
		};
		CFEF5FAB21E8F38400D5B9E5 /* Build configuration list for PBXNativeTarget "SharingMe" */ = {
			isa = XCConfigurationList;
			buildConfigurations = (
				CFEF5FAC21E8F38400D5B9E5 /* Debug */,
				CFEF5FAD21E8F38400D5B9E5 /* Release */,
			);
			defaultConfigurationIsVisible = 0;
			defaultConfigurationName = Release;
		};
/* End XCConfigurationList section */

/* Begin XCVersionGroup section */
		CFEF5FA021E8F38400D5B9E5 /* SharingMe.xcdatamodeld */ = {
			isa = XCVersionGroup;
			children = (
				CFEF5FA121E8F38400D5B9E5 /* SharingMe.xcdatamodel */,
			);
			currentVersion = CFEF5FA121E8F38400D5B9E5 /* SharingMe.xcdatamodel */;
			path = SharingMe.xcdatamodeld;
			sourceTree = "<group>";
			versionGroupType = wrapper.xcdatamodel;
		};
/* End XCVersionGroup section */
	};
	rootObject = CFEF5F8E21E8F38400D5B9E5 /* Project object */;
}
